
Microsoft Visual Studio Solution File, Format Version 12.00
# Visual Studio Version 17
VisualStudioVersion = 17.6.33829.357
MinimumVisualStudioVersion = 10.0.40219.1
Project("{FAE04EC0-301F-11D3-BF4B-00C04F79EFBC}") = "ChessBoardDesign", "ChessBoardDesign.csproj", "{AAFFA316-FC38-4243-80F8-C8D194DD8B10}"
EndProject
Global
	GlobalSection(SolutionConfigurationPlatforms) = preSolution
		Debug|Any CPU = Debug|Any CPU
		Release|Any CPU = Release|Any CPU
	EndGlobalSection
	GlobalSection(ProjectConfigurationPlatforms) = postSolution
		{AAFFA316-FC38-4243-80F8-C8D194DD8B10}.Debug|Any CPU.ActiveCfg = Debug|Any CPU
		{AAFFA316-FC38-4243-80F8-C8D194DD8B10}.Debug|Any CPU.Build.0 = Debug|Any CPU
		{AAFFA316-FC38-4243-80F8-C8D194DD8B10}.Release|Any CPU.ActiveCfg = Release|Any CPU
		{AAFFA316-FC38-4243-80F8-C8D194DD8B10}.Release|Any CPU.Build.0 = Release|Any CPU
	EndGlobalSection
	GlobalSection(SolutionProperties) = preSolution
		HideSolutionNode = FALSE
	EndGlobalSection
	GlobalSection(ExtensibilityGlobals) = postSolution
		SolutionGuid = {AD1D8709-BA1B-4B0F-B010-B10343E6CB40}
	EndGlobalSection
EndGlobal
